{
  "name": "2200_group_project",
  "lockfileVersion": 3,
  "requires": true,
  "packages": {
    "": {
      "dependencies": {
        "simple-datatables": "^8.0.1"
      }
    },
    "node_modules/dayjs": {
      "version": "1.11.10",
      "resolved": "https://registry.npmjs.org/dayjs/-/dayjs-1.11.10.tgz",
      "integrity": "sha512-vjAczensTgRcqDERK0SR2XMwsF/tSvnvlv6VcF2GIhg6Sx4yOIt/irsr1RDJsKiIyBzJDpCoXiWWq28MqH2cnQ=="
    },
    "node_modules/diff-dom": {
      "version": "5.1.2",
      "resolved": "https://registry.npmjs.org/diff-dom/-/diff-dom-5.1.2.tgz",
      "integrity": "sha512-ayOX+pBYzyLdt7iXFd+8jvWzhrcWk+9gQqYk7Zz8/0hpIsqSbtk6MNbtds+Ox6B8ONsdtIcfPmk3NXPdgb3+xQ=="
    },
    "node_modules/simple-datatables": {
      "version": "8.0.1",
      "resolved": "https://registry.npmjs.org/simple-datatables/-/simple-datatables-8.0.1.tgz",
      "integrity": "sha512-1l9N7yacy4pECoOw/khm/n7XtEcpgoh5znJ1diqern1fwRqgOCgdI7keW9LCeV5es2M4K+db3qWjaWHbcFUh0Q==",
      "dependencies": {
        "dayjs": "^1.11.10",
        "diff-dom": "^5.1.2"
      }
    }
  }
}
